// !$*UTF8*$!
{
	archiveVersion = 1;
	classes = {
	};
	objectVersion = 52;
	objects = {

/* Begin PBXBuildFile section */
		7216962C2979A24E00471DD4 /* TestExtensions.swift in Sources */ = {isa = PBXBuildFile; fileRef = 7294108F2970CA5E00586243 /* TestExtensions.swift */; };
		721696382979A79C00471DD4 /* LoadingView.swift in Sources */ = {isa = PBXBuildFile; fileRef = 721696372979A79C00471DD4 /* LoadingView.swift */; };
		721696402979CB2D00471DD4 /* SignUpViewModel.swift in Sources */ = {isa = PBXBuildFile; fileRef = 7216963F2979CB2D00471DD4 /* SignUpViewModel.swift */; };
		724D613B2975C26D009F9676 /* Infra.framework in Frameworks */ = {isa = PBXBuildFile; fileRef = 724D61322975C26D009F9676 /* Infra.framework */; };
		724D61402975C26D009F9676 /* AlamofireAdpterTests.swift in Sources */ = {isa = PBXBuildFile; fileRef = 724D613F2975C26D009F9676 /* AlamofireAdpterTests.swift */; };
		724D61512975C4DF009F9676 /* Data.framework in Frameworks */ = {isa = PBXBuildFile; fileRef = 72807CBC296CEBAD001B8F10 /* Data.framework */; };
		724D61522975C4DF009F9676 /* Data.framework in Embed Frameworks */ = {isa = PBXBuildFile; fileRef = 72807CBC296CEBAD001B8F10 /* Data.framework */; settings = {ATTRIBUTES = (CodeSignOnCopy, RemoveHeadersOnCopy, ); }; };
		724D61562975C519009F9676 /* TestExtensions.swift in Sources */ = {isa = PBXBuildFile; fileRef = 7294108F2970CA5E00586243 /* TestExtensions.swift */; };
		724D615A2975C51F009F9676 /* TestFactorys.swift in Sources */ = {isa = PBXBuildFile; fileRef = 729410932970CB9000586243 /* TestFactorys.swift */; };
		724D61602975C631009F9676 /* Alamofire in Frameworks */ = {isa = PBXBuildFile; productRef = 724D615F2975C631009F9676 /* Alamofire */; };
		724D617F2977081C009F9676 /* AlamofireAdapter.swift in Sources */ = {isa = PBXBuildFile; fileRef = 724D617E2977081C009F9676 /* AlamofireAdapter.swift */; };
		724D618C297709D1009F9676 /* UrlProtocolStub.swift in Sources */ = {isa = PBXBuildFile; fileRef = 724D618B297709D1009F9676 /* UrlProtocolStub.swift */; };
		724D61B229771ADA009F9676 /* AddAccountIntegrationTests.swift in Sources */ = {isa = PBXBuildFile; fileRef = 724D61B129771ADA009F9676 /* AddAccountIntegrationTests.swift */; };
		724D61B429771ADA009F9676 /* Data.framework in Frameworks */ = {isa = PBXBuildFile; fileRef = 72807CBC296CEBAD001B8F10 /* Data.framework */; };
		7268A89F296DD94200A5C7F8 /* Model.swift in Sources */ = {isa = PBXBuildFile; fileRef = 7268A89E296DD94200A5C7F8 /* Model.swift */; };
		7268A8AB296DDDDD00A5C7F8 /* RemoteAddAccount.swift in Sources */ = {isa = PBXBuildFile; fileRef = 7268A8AA296DDDDD00A5C7F8 /* RemoteAddAccount.swift */; };
		7268A8B5296DDE8B00A5C7F8 /* HttpPostClient.swift in Sources */ = {isa = PBXBuildFile; fileRef = 7268A8B4296DDE8B00A5C7F8 /* HttpPostClient.swift */; };
		7268A8CD296E090900A5C7F8 /* DomainError.swift in Sources */ = {isa = PBXBuildFile; fileRef = 7268A8CC296E090900A5C7F8 /* DomainError.swift */; };
		7268A8D1296E0CD400A5C7F8 /* HttpError.swift in Sources */ = {isa = PBXBuildFile; fileRef = 7268A8D0296E0CD400A5C7F8 /* HttpError.swift */; };
		7268A8DA296E3B1F00A5C7F8 /* ExtensionHelpers.swift in Sources */ = {isa = PBXBuildFile; fileRef = 7268A8D9296E3B1F00A5C7F8 /* ExtensionHelpers.swift */; };
		72807CB0296CE835001B8F10 /* AddAccount.swift in Sources */ = {isa = PBXBuildFile; fileRef = 72807CAF296CE835001B8F10 /* AddAccount.swift */; };
		72807CB3296CEA3C001B8F10 /* AccountModel.swift in Sources */ = {isa = PBXBuildFile; fileRef = 72807CB2296CEA3C001B8F10 /* AccountModel.swift */; };
		72807CC5296CEBAD001B8F10 /* Data.framework in Frameworks */ = {isa = PBXBuildFile; fileRef = 72807CBC296CEBAD001B8F10 /* Data.framework */; };
		72807CCA296CEBAD001B8F10 /* RemoteAddAccountTests.swift in Sources */ = {isa = PBXBuildFile; fileRef = 72807CC9296CEBAD001B8F10 /* RemoteAddAccountTests.swift */; };
		72807CDA296CEC95001B8F10 /* Domain.framework in Frameworks */ = {isa = PBXBuildFile; fileRef = 72807CA5296CE64C001B8F10 /* Domain.framework */; };
		72807CDB296CEC95001B8F10 /* Domain.framework in Embed Frameworks */ = {isa = PBXBuildFile; fileRef = 72807CA5296CE64C001B8F10 /* Domain.framework */; settings = {ATTRIBUTES = (CodeSignOnCopy, RemoveHeadersOnCopy, ); }; };
		729410902970CA5E00586243 /* TestExtensions.swift in Sources */ = {isa = PBXBuildFile; fileRef = 7294108F2970CA5E00586243 /* TestExtensions.swift */; };
		729410942970CB9000586243 /* TestFactorys.swift in Sources */ = {isa = PBXBuildFile; fileRef = 729410932970CB9000586243 /* TestFactorys.swift */; };
		729410992970CC5B00586243 /* HttpClientSpy.swift in Sources */ = {isa = PBXBuildFile; fileRef = 729410982970CC5B00586243 /* HttpClientSpy.swift */; };
		7294109F2970CCC900586243 /* AccounctModelFactory.swift in Sources */ = {isa = PBXBuildFile; fileRef = 7294109E2970CCC900586243 /* AccounctModelFactory.swift */; };
		72A6EFE829777BEC002A4F8C /* Presentation.framework in Frameworks */ = {isa = PBXBuildFile; fileRef = 72A6EFDF29777BEC002A4F8C /* Presentation.framework */; };
		72A6EFED29777BEC002A4F8C /* SignUpPresenterTests.swift in Sources */ = {isa = PBXBuildFile; fileRef = 72A6EFEC29777BEC002A4F8C /* SignUpPresenterTests.swift */; };
		72A6F0092978251E002A4F8C /* SignUpPresenter.swift in Sources */ = {isa = PBXBuildFile; fileRef = 72A6F0082978251E002A4F8C /* SignUpPresenter.swift */; };
		72A6F01629782589002A4F8C /* Domain.framework in Frameworks */ = {isa = PBXBuildFile; fileRef = 72807CA5296CE64C001B8F10 /* Domain.framework */; };
		72A6F01729782589002A4F8C /* Domain.framework in Embed Frameworks */ = {isa = PBXBuildFile; fileRef = 72807CA5296CE64C001B8F10 /* Domain.framework */; settings = {ATTRIBUTES = (CodeSignOnCopy, RemoveHeadersOnCopy, ); }; };
		72A6F0272978277D002A4F8C /* AlertView.swift in Sources */ = {isa = PBXBuildFile; fileRef = 72A6F0262978277D002A4F8C /* AlertView.swift */; };
		72A6F04A29783118002A4F8C /* EmailValidator.swift in Sources */ = {isa = PBXBuildFile; fileRef = 72A6F04929783118002A4F8C /* EmailValidator.swift */; };
		72A6F05A297887B1002A4F8C /* AccounctModelFactory.swift in Sources */ = {isa = PBXBuildFile; fileRef = 7294109E2970CCC900586243 /* AccounctModelFactory.swift */; };
/* End PBXBuildFile section */

/* Begin PBXContainerItemProxy section */
		724D613C2975C26D009F9676 /* PBXContainerItemProxy */ = {
			isa = PBXContainerItemProxy;
			containerPortal = 72807C8A296CE564001B8F10 /* Project object */;
			proxyType = 1;
			remoteGlobalIDString = 724D61312975C26D009F9676;
			remoteInfo = Infra;
		};
		724D61532975C4DF009F9676 /* PBXContainerItemProxy */ = {
			isa = PBXContainerItemProxy;
			containerPortal = 72807C8A296CE564001B8F10 /* Project object */;
			proxyType = 1;
			remoteGlobalIDString = 72807CBB296CEBAD001B8F10;
			remoteInfo = Data;
		};
		724D61B529771ADA009F9676 /* PBXContainerItemProxy */ = {
			isa = PBXContainerItemProxy;
			containerPortal = 72807C8A296CE564001B8F10 /* Project object */;
			proxyType = 1;
			remoteGlobalIDString = 72807CBB296CEBAD001B8F10;
			remoteInfo = Data;
		};
		724D61BE29771B19009F9676 /* PBXContainerItemProxy */ = {
			isa = PBXContainerItemProxy;
			containerPortal = 72807C8A296CE564001B8F10 /* Project object */;
			proxyType = 1;
			remoteGlobalIDString = 72807CA4296CE64C001B8F10;
			remoteInfo = Domain;
		};
		724D61C029771B19009F9676 /* PBXContainerItemProxy */ = {
			isa = PBXContainerItemProxy;
			containerPortal = 72807C8A296CE564001B8F10 /* Project object */;
			proxyType = 1;
			remoteGlobalIDString = 724D61312975C26D009F9676;
			remoteInfo = Infra;
		};
		72807CC6296CEBAD001B8F10 /* PBXContainerItemProxy */ = {
			isa = PBXContainerItemProxy;
			containerPortal = 72807C8A296CE564001B8F10 /* Project object */;
			proxyType = 1;
			remoteGlobalIDString = 72807CBB296CEBAD001B8F10;
			remoteInfo = Data;
		};
		72807CDC296CEC95001B8F10 /* PBXContainerItemProxy */ = {
			isa = PBXContainerItemProxy;
			containerPortal = 72807C8A296CE564001B8F10 /* Project object */;
			proxyType = 1;
			remoteGlobalIDString = 72807CA4296CE64C001B8F10;
			remoteInfo = Domain;
		};
		72A6EFE929777BEC002A4F8C /* PBXContainerItemProxy */ = {
			isa = PBXContainerItemProxy;
			containerPortal = 72807C8A296CE564001B8F10 /* Project object */;
			proxyType = 1;
			remoteGlobalIDString = 72A6EFDE29777BEC002A4F8C;
			remoteInfo = Presentation;
		};
		72A6F01829782589002A4F8C /* PBXContainerItemProxy */ = {
			isa = PBXContainerItemProxy;
			containerPortal = 72807C8A296CE564001B8F10 /* Project object */;
			proxyType = 1;
			remoteGlobalIDString = 72807CA4296CE64C001B8F10;
			remoteInfo = Domain;
		};
/* End PBXContainerItemProxy section */

/* Begin PBXCopyFilesBuildPhase section */
		724D61552975C4DF009F9676 /* Embed Frameworks */ = {
			isa = PBXCopyFilesBuildPhase;
			buildActionMask = 2147483647;
			dstPath = "";
			dstSubfolderSpec = 10;
			files = (
				724D61522975C4DF009F9676 /* Data.framework in Embed Frameworks */,
			);
			name = "Embed Frameworks";
			runOnlyForDeploymentPostprocessing = 0;
		};
		72807CDE296CEC95001B8F10 /* Embed Frameworks */ = {
			isa = PBXCopyFilesBuildPhase;
			buildActionMask = 2147483647;
			dstPath = "";
			dstSubfolderSpec = 10;
			files = (
				72807CDB296CEC95001B8F10 /* Domain.framework in Embed Frameworks */,
			);
			name = "Embed Frameworks";
			runOnlyForDeploymentPostprocessing = 0;
		};
		72A6F01A2978258A002A4F8C /* Embed Frameworks */ = {
			isa = PBXCopyFilesBuildPhase;
			buildActionMask = 2147483647;
			dstPath = "";
			dstSubfolderSpec = 10;
			files = (
				72A6F01729782589002A4F8C /* Domain.framework in Embed Frameworks */,
			);
			name = "Embed Frameworks";
			runOnlyForDeploymentPostprocessing = 0;
		};
/* End PBXCopyFilesBuildPhase section */

/* Begin PBXFileReference section */
		721696372979A79C00471DD4 /* LoadingView.swift */ = {isa = PBXFileReference; lastKnownFileType = sourcecode.swift; path = LoadingView.swift; sourceTree = "<group>"; };
		7216963F2979CB2D00471DD4 /* SignUpViewModel.swift */ = {isa = PBXFileReference; lastKnownFileType = sourcecode.swift; path = SignUpViewModel.swift; sourceTree = "<group>"; };
		724D61322975C26D009F9676 /* Infra.framework */ = {isa = PBXFileReference; explicitFileType = wrapper.framework; includeInIndex = 0; path = Infra.framework; sourceTree = BUILT_PRODUCTS_DIR; };
		724D61352975C26D009F9676 /* Info.plist */ = {isa = PBXFileReference; lastKnownFileType = text.plist.xml; path = Info.plist; sourceTree = "<group>"; };
		724D613A2975C26D009F9676 /* InfraTests.xctest */ = {isa = PBXFileReference; explicitFileType = wrapper.cfbundle; includeInIndex = 0; path = InfraTests.xctest; sourceTree = BUILT_PRODUCTS_DIR; };
		724D613F2975C26D009F9676 /* AlamofireAdpterTests.swift */ = {isa = PBXFileReference; lastKnownFileType = sourcecode.swift; path = AlamofireAdpterTests.swift; sourceTree = "<group>"; };
		724D61412975C26D009F9676 /* Info.plist */ = {isa = PBXFileReference; lastKnownFileType = text.plist.xml; path = Info.plist; sourceTree = "<group>"; };
		724D617E2977081C009F9676 /* AlamofireAdapter.swift */ = {isa = PBXFileReference; lastKnownFileType = sourcecode.swift; path = AlamofireAdapter.swift; sourceTree = "<group>"; };
		724D618B297709D1009F9676 /* UrlProtocolStub.swift */ = {isa = PBXFileReference; lastKnownFileType = sourcecode.swift; path = UrlProtocolStub.swift; sourceTree = "<group>"; };
		724D61AF29771AD9009F9676 /* UseCasesIntegrationTests.xctest */ = {isa = PBXFileReference; explicitFileType = wrapper.cfbundle; includeInIndex = 0; path = UseCasesIntegrationTests.xctest; sourceTree = BUILT_PRODUCTS_DIR; };
		724D61B129771ADA009F9676 /* AddAccountIntegrationTests.swift */ = {isa = PBXFileReference; lastKnownFileType = sourcecode.swift; path = AddAccountIntegrationTests.swift; sourceTree = "<group>"; };
		724D61B329771ADA009F9676 /* Info.plist */ = {isa = PBXFileReference; lastKnownFileType = text.plist.xml; path = Info.plist; sourceTree = "<group>"; };
		7268A89E296DD94200A5C7F8 /* Model.swift */ = {isa = PBXFileReference; lastKnownFileType = sourcecode.swift; path = Model.swift; sourceTree = "<group>"; };
		7268A8AA296DDDDD00A5C7F8 /* RemoteAddAccount.swift */ = {isa = PBXFileReference; lastKnownFileType = sourcecode.swift; path = RemoteAddAccount.swift; sourceTree = "<group>"; };
		7268A8B4296DDE8B00A5C7F8 /* HttpPostClient.swift */ = {isa = PBXFileReference; lastKnownFileType = sourcecode.swift; path = HttpPostClient.swift; sourceTree = "<group>"; };
		7268A8CC296E090900A5C7F8 /* DomainError.swift */ = {isa = PBXFileReference; lastKnownFileType = sourcecode.swift; path = DomainError.swift; sourceTree = "<group>"; };
		7268A8D0296E0CD400A5C7F8 /* HttpError.swift */ = {isa = PBXFileReference; lastKnownFileType = sourcecode.swift; path = HttpError.swift; sourceTree = "<group>"; };
		7268A8D9296E3B1F00A5C7F8 /* ExtensionHelpers.swift */ = {isa = PBXFileReference; lastKnownFileType = sourcecode.swift; path = ExtensionHelpers.swift; sourceTree = "<group>"; };
		72807CA5296CE64C001B8F10 /* Domain.framework */ = {isa = PBXFileReference; explicitFileType = wrapper.framework; includeInIndex = 0; path = Domain.framework; sourceTree = BUILT_PRODUCTS_DIR; };
		72807CA8296CE64C001B8F10 /* Info.plist */ = {isa = PBXFileReference; lastKnownFileType = text.plist.xml; path = Info.plist; sourceTree = "<group>"; };
		72807CAF296CE835001B8F10 /* AddAccount.swift */ = {isa = PBXFileReference; lastKnownFileType = sourcecode.swift; path = AddAccount.swift; sourceTree = "<group>"; };
		72807CB2296CEA3C001B8F10 /* AccountModel.swift */ = {isa = PBXFileReference; lastKnownFileType = sourcecode.swift; path = AccountModel.swift; sourceTree = "<group>"; };
		72807CBC296CEBAD001B8F10 /* Data.framework */ = {isa = PBXFileReference; explicitFileType = wrapper.framework; includeInIndex = 0; path = Data.framework; sourceTree = BUILT_PRODUCTS_DIR; };
		72807CBF296CEBAD001B8F10 /* Info.plist */ = {isa = PBXFileReference; lastKnownFileType = text.plist.xml; path = Info.plist; sourceTree = "<group>"; };
		72807CC4296CEBAD001B8F10 /* DataTests.xctest */ = {isa = PBXFileReference; explicitFileType = wrapper.cfbundle; includeInIndex = 0; path = DataTests.xctest; sourceTree = BUILT_PRODUCTS_DIR; };
		72807CC9296CEBAD001B8F10 /* RemoteAddAccountTests.swift */ = {isa = PBXFileReference; lastKnownFileType = sourcecode.swift; path = RemoteAddAccountTests.swift; sourceTree = "<group>"; };
		72807CCB296CEBAD001B8F10 /* Info.plist */ = {isa = PBXFileReference; lastKnownFileType = text.plist.xml; path = Info.plist; sourceTree = "<group>"; };
		7294108F2970CA5E00586243 /* TestExtensions.swift */ = {isa = PBXFileReference; lastKnownFileType = sourcecode.swift; path = TestExtensions.swift; sourceTree = "<group>"; };
		729410932970CB9000586243 /* TestFactorys.swift */ = {isa = PBXFileReference; lastKnownFileType = sourcecode.swift; path = TestFactorys.swift; sourceTree = "<group>"; };
		729410982970CC5B00586243 /* HttpClientSpy.swift */ = {isa = PBXFileReference; lastKnownFileType = sourcecode.swift; path = HttpClientSpy.swift; sourceTree = "<group>"; };
		7294109E2970CCC900586243 /* AccounctModelFactory.swift */ = {isa = PBXFileReference; lastKnownFileType = sourcecode.swift; path = AccounctModelFactory.swift; sourceTree = "<group>"; };
		72A6EFDF29777BEC002A4F8C /* Presentation.framework */ = {isa = PBXFileReference; explicitFileType = wrapper.framework; includeInIndex = 0; path = Presentation.framework; sourceTree = BUILT_PRODUCTS_DIR; };
		72A6EFE229777BEC002A4F8C /* Info.plist */ = {isa = PBXFileReference; lastKnownFileType = text.plist.xml; path = Info.plist; sourceTree = "<group>"; };
		72A6EFE729777BEC002A4F8C /* PresentationTests.xctest */ = {isa = PBXFileReference; explicitFileType = wrapper.cfbundle; includeInIndex = 0; path = PresentationTests.xctest; sourceTree = BUILT_PRODUCTS_DIR; };
		72A6EFEC29777BEC002A4F8C /* SignUpPresenterTests.swift */ = {isa = PBXFileReference; lastKnownFileType = sourcecode.swift; path = SignUpPresenterTests.swift; sourceTree = "<group>"; };
		72A6EFEE29777BEC002A4F8C /* Info.plist */ = {isa = PBXFileReference; lastKnownFileType = text.plist.xml; path = Info.plist; sourceTree = "<group>"; };
		72A6F0082978251E002A4F8C /* SignUpPresenter.swift */ = {isa = PBXFileReference; lastKnownFileType = sourcecode.swift; path = SignUpPresenter.swift; sourceTree = "<group>"; };
		72A6F0262978277D002A4F8C /* AlertView.swift */ = {isa = PBXFileReference; lastKnownFileType = sourcecode.swift; path = AlertView.swift; sourceTree = "<group>"; };
		72A6F04929783118002A4F8C /* EmailValidator.swift */ = {isa = PBXFileReference; lastKnownFileType = sourcecode.swift; path = EmailValidator.swift; sourceTree = "<group>"; };
/* End PBXFileReference section */

/* Begin PBXFrameworksBuildPhase section */
		724D612F2975C26D009F9676 /* Frameworks */ = {
			isa = PBXFrameworksBuildPhase;
			buildActionMask = 2147483647;
			files = (
				724D61512975C4DF009F9676 /* Data.framework in Frameworks */,
				724D61602975C631009F9676 /* Alamofire in Frameworks */,
			);
			runOnlyForDeploymentPostprocessing = 0;
		};
		724D61372975C26D009F9676 /* Frameworks */ = {
			isa = PBXFrameworksBuildPhase;
			buildActionMask = 2147483647;
			files = (
				724D613B2975C26D009F9676 /* Infra.framework in Frameworks */,
			);
			runOnlyForDeploymentPostprocessing = 0;
		};
		724D61AC29771AD9009F9676 /* Frameworks */ = {
			isa = PBXFrameworksBuildPhase;
			buildActionMask = 2147483647;
			files = (
				724D61B429771ADA009F9676 /* Data.framework in Frameworks */,
			);
			runOnlyForDeploymentPostprocessing = 0;
		};
		72807CA2296CE64C001B8F10 /* Frameworks */ = {
			isa = PBXFrameworksBuildPhase;
			buildActionMask = 2147483647;
			files = (
			);
			runOnlyForDeploymentPostprocessing = 0;
		};
		72807CB9296CEBAD001B8F10 /* Frameworks */ = {
			isa = PBXFrameworksBuildPhase;
			buildActionMask = 2147483647;
			files = (
				72807CDA296CEC95001B8F10 /* Domain.framework in Frameworks */,
			);
			runOnlyForDeploymentPostprocessing = 0;
		};
		72807CC1296CEBAD001B8F10 /* Frameworks */ = {
			isa = PBXFrameworksBuildPhase;
			buildActionMask = 2147483647;
			files = (
				72807CC5296CEBAD001B8F10 /* Data.framework in Frameworks */,
			);
			runOnlyForDeploymentPostprocessing = 0;
		};
		72A6EFDC29777BEC002A4F8C /* Frameworks */ = {
			isa = PBXFrameworksBuildPhase;
			buildActionMask = 2147483647;
			files = (
				72A6F01629782589002A4F8C /* Domain.framework in Frameworks */,
			);
			runOnlyForDeploymentPostprocessing = 0;
		};
		72A6EFE429777BEC002A4F8C /* Frameworks */ = {
			isa = PBXFrameworksBuildPhase;
			buildActionMask = 2147483647;
			files = (
				72A6EFE829777BEC002A4F8C /* Presentation.framework in Frameworks */,
			);
			runOnlyForDeploymentPostprocessing = 0;
		};
/* End PBXFrameworksBuildPhase section */

/* Begin PBXGroup section */
		7216963E2979CB1100471DD4 /* SignUp */ = {
			isa = PBXGroup;
			children = (
				72A6F0082978251E002A4F8C /* SignUpPresenter.swift */,
				7216963F2979CB2D00471DD4 /* SignUpViewModel.swift */,
			);
			path = SignUp;
			sourceTree = "<group>";
		};
		724D61332975C26D009F9676 /* Infra */ = {
			isa = PBXGroup;
			children = (
				724D6183297708A4009F9676 /* Http */,
				724D61352975C26D009F9676 /* Info.plist */,
			);
			path = Infra;
			sourceTree = "<group>";
		};
		724D613E2975C26D009F9676 /* InfraTests */ = {
			isa = PBXGroup;
			children = (
				724D618A297709BC009F9676 /* Http */,
				724D61412975C26D009F9676 /* Info.plist */,
			);
			path = InfraTests;
			sourceTree = "<group>";
		};
		724D6183297708A4009F9676 /* Http */ = {
			isa = PBXGroup;
			children = (
				724D617E2977081C009F9676 /* AlamofireAdapter.swift */,
			);
			path = Http;
			sourceTree = "<group>";
		};
		724D618A297709BC009F9676 /* Http */ = {
			isa = PBXGroup;
			children = (
				724D613F2975C26D009F9676 /* AlamofireAdpterTests.swift */,
				724D618B297709D1009F9676 /* UrlProtocolStub.swift */,
			);
			path = Http;
			sourceTree = "<group>";
		};
		724D61B029771ADA009F9676 /* UseCasesIntegrationTests */ = {
			isa = PBXGroup;
			children = (
				724D61B129771ADA009F9676 /* AddAccountIntegrationTests.swift */,
				724D61B329771ADA009F9676 /* Info.plist */,
			);
			path = UseCasesIntegrationTests;
			sourceTree = "<group>";
		};
		7268A8BC296DDFF000A5C7F8 /* UseCases */ = {
			isa = PBXGroup;
			children = (
				72807CAF296CE835001B8F10 /* AddAccount.swift */,
			);
			path = UseCases;
			sourceTree = "<group>";
		};
		7268A8BD296DE00C00A5C7F8 /* Models */ = {
			isa = PBXGroup;
			children = (
				72807CB2296CEA3C001B8F10 /* AccountModel.swift */,
				7268A89E296DD94200A5C7F8 /* Model.swift */,
			);
			path = Models;
			sourceTree = "<group>";
		};
		7268A8C0296DE02700A5C7F8 /* UseCases */ = {
			isa = PBXGroup;
			children = (
				7268A8AA296DDDDD00A5C7F8 /* RemoteAddAccount.swift */,
			);
			path = UseCases;
			sourceTree = "<group>";
		};
		7268A8C3296DE03500A5C7F8 /* Http */ = {
			isa = PBXGroup;
			children = (
				7268A8B4296DDE8B00A5C7F8 /* HttpPostClient.swift */,
				7268A8D0296E0CD400A5C7F8 /* HttpError.swift */,
			);
			path = Http;
			sourceTree = "<group>";
		};
		7268A8C4296DE04E00A5C7F8 /* UseCases */ = {
			isa = PBXGroup;
			children = (
				72807CC9296CEBAD001B8F10 /* RemoteAddAccountTests.swift */,
			);
			path = UseCases;
			sourceTree = "<group>";
		};
		7268A8CB296E08F900A5C7F8 /* Errors */ = {
			isa = PBXGroup;
			children = (
				7268A8CC296E090900A5C7F8 /* DomainError.swift */,
			);
			path = Errors;
			sourceTree = "<group>";
		};
		7268A8D8296E3B0A00A5C7F8 /* Helpers */ = {
			isa = PBXGroup;
			children = (
				7268A8D9296E3B1F00A5C7F8 /* ExtensionHelpers.swift */,
			);
			path = Helpers;
			sourceTree = "<group>";
		};
		72807C89296CE564001B8F10 = {
			isa = PBXGroup;
			children = (
				72807CA6296CE64C001B8F10 /* Domain */,
				72807CBD296CEBAD001B8F10 /* Data */,
				72807CC8296CEBAD001B8F10 /* DataTests */,
				724D61332975C26D009F9676 /* Infra */,
				724D613E2975C26D009F9676 /* InfraTests */,
				724D61B029771ADA009F9676 /* UseCasesIntegrationTests */,
				72A6EFE029777BEC002A4F8C /* Presentation */,
				72A6EFEB29777BEC002A4F8C /* PresentationTests */,
				72807C94296CE564001B8F10 /* Products */,
				72807CD9296CEC95001B8F10 /* Frameworks */,
			);
			sourceTree = "<group>";
		};
		72807C94296CE564001B8F10 /* Products */ = {
			isa = PBXGroup;
			children = (
				72807CA5296CE64C001B8F10 /* Domain.framework */,
				72807CBC296CEBAD001B8F10 /* Data.framework */,
				72807CC4296CEBAD001B8F10 /* DataTests.xctest */,
				724D61322975C26D009F9676 /* Infra.framework */,
				724D613A2975C26D009F9676 /* InfraTests.xctest */,
				724D61AF29771AD9009F9676 /* UseCasesIntegrationTests.xctest */,
				72A6EFDF29777BEC002A4F8C /* Presentation.framework */,
				72A6EFE729777BEC002A4F8C /* PresentationTests.xctest */,
			);
			name = Products;
			sourceTree = "<group>";
		};
		72807CA6296CE64C001B8F10 /* Domain */ = {
			isa = PBXGroup;
			children = (
				7268A8CB296E08F900A5C7F8 /* Errors */,
				7268A8BC296DDFF000A5C7F8 /* UseCases */,
				7268A8BD296DE00C00A5C7F8 /* Models */,
				72807CA8296CE64C001B8F10 /* Info.plist */,
			);
			path = Domain;
			sourceTree = "<group>";
		};
		72807CBD296CEBAD001B8F10 /* Data */ = {
			isa = PBXGroup;
			children = (
				7268A8D8296E3B0A00A5C7F8 /* Helpers */,
				7268A8C0296DE02700A5C7F8 /* UseCases */,
				7268A8C3296DE03500A5C7F8 /* Http */,
				72807CBF296CEBAD001B8F10 /* Info.plist */,
			);
			path = Data;
			sourceTree = "<group>";
		};
		72807CC8296CEBAD001B8F10 /* DataTests */ = {
			isa = PBXGroup;
			children = (
				729410882970C97400586243 /* Helpers */,
				7268A8C4296DE04E00A5C7F8 /* UseCases */,
				729410972970CC4000586243 /* Http */,
				72807CCB296CEBAD001B8F10 /* Info.plist */,
			);
			path = DataTests;
			sourceTree = "<group>";
		};
		72807CD9296CEC95001B8F10 /* Frameworks */ = {
			isa = PBXGroup;
			children = (
			);
			name = Frameworks;
			sourceTree = "<group>";
		};
		729410882970C97400586243 /* Helpers */ = {
			isa = PBXGroup;
			children = (
				7294108F2970CA5E00586243 /* TestExtensions.swift */,
				729410932970CB9000586243 /* TestFactorys.swift */,
				7294109E2970CCC900586243 /* AccounctModelFactory.swift */,
			);
			path = Helpers;
			sourceTree = "<group>";
		};
		729410972970CC4000586243 /* Http */ = {
			isa = PBXGroup;
			children = (
				729410982970CC5B00586243 /* HttpClientSpy.swift */,
			);
			path = Http;
			sourceTree = "<group>";
		};
		72A6EFE029777BEC002A4F8C /* Presentation */ = {
			isa = PBXGroup;
			children = (
				72A6F048297830D6002A4F8C /* Validators */,
				72A6F02D297827AB002A4F8C /* Presenters */,
				72A6F0252978273F002A4F8C /* Views */,
				72A6EFE229777BEC002A4F8C /* Info.plist */,
			);
			path = Presentation;
			sourceTree = "<group>";
		};
		72A6EFEB29777BEC002A4F8C /* PresentationTests */ = {
			isa = PBXGroup;
			children = (
				72A6F04229782A73002A4F8C /* Presenters */,
				72A6EFEE29777BEC002A4F8C /* Info.plist */,
			);
			path = PresentationTests;
			sourceTree = "<group>";
		};
		72A6F0252978273F002A4F8C /* Views */ = {
			isa = PBXGroup;
			children = (
				72A6F0262978277D002A4F8C /* AlertView.swift */,
				721696372979A79C00471DD4 /* LoadingView.swift */,
			);
			path = Views;
			sourceTree = "<group>";
		};
		72A6F02D297827AB002A4F8C /* Presenters */ = {
			isa = PBXGroup;
			children = (
				7216963E2979CB1100471DD4 /* SignUp */,
			);
			path = Presenters;
			sourceTree = "<group>";
		};
		72A6F04229782A73002A4F8C /* Presenters */ = {
			isa = PBXGroup;
			children = (
				72A6EFEC29777BEC002A4F8C /* SignUpPresenterTests.swift */,
			);
			path = Presenters;
			sourceTree = "<group>";
		};
		72A6F048297830D6002A4F8C /* Validators */ = {
			isa = PBXGroup;
			children = (
				72A6F04929783118002A4F8C /* EmailValidator.swift */,
			);
			path = Validators;
			sourceTree = "<group>";
		};
/* End PBXGroup section */

/* Begin PBXHeadersBuildPhase section */
		724D612D2975C26D009F9676 /* Headers */ = {
			isa = PBXHeadersBuildPhase;
			buildActionMask = 2147483647;
			files = (
			);
			runOnlyForDeploymentPostprocessing = 0;
		};
		72807CA0296CE64C001B8F10 /* Headers */ = {
			isa = PBXHeadersBuildPhase;
			buildActionMask = 2147483647;
			files = (
			);
			runOnlyForDeploymentPostprocessing = 0;
		};
		72807CB7296CEBAD001B8F10 /* Headers */ = {
			isa = PBXHeadersBuildPhase;
			buildActionMask = 2147483647;
			files = (
			);
			runOnlyForDeploymentPostprocessing = 0;
		};
		72A6EFDA29777BEC002A4F8C /* Headers */ = {
			isa = PBXHeadersBuildPhase;
			buildActionMask = 2147483647;
			files = (
			);
			runOnlyForDeploymentPostprocessing = 0;
		};
/* End PBXHeadersBuildPhase section */

/* Begin PBXNativeTarget section */
		724D61312975C26D009F9676 /* Infra */ = {
			isa = PBXNativeTarget;
			buildConfigurationList = 724D61472975C26D009F9676 /* Build configuration list for PBXNativeTarget "Infra" */;
			buildPhases = (
				724D612D2975C26D009F9676 /* Headers */,
				724D612E2975C26D009F9676 /* Sources */,
				724D612F2975C26D009F9676 /* Frameworks */,
				724D61302975C26D009F9676 /* Resources */,
				724D61552975C4DF009F9676 /* Embed Frameworks */,
			);
			buildRules = (
			);
			dependencies = (
				724D61542975C4DF009F9676 /* PBXTargetDependency */,
			);
			name = Infra;
			packageProductDependencies = (
				724D615F2975C631009F9676 /* Alamofire */,
			);
			productName = Infra;
			productReference = 724D61322975C26D009F9676 /* Infra.framework */;
			productType = "com.apple.product-type.framework";
		};
		724D61392975C26D009F9676 /* InfraTests */ = {
			isa = PBXNativeTarget;
			buildConfigurationList = 724D61482975C26D009F9676 /* Build configuration list for PBXNativeTarget "InfraTests" */;
			buildPhases = (
				724D61362975C26D009F9676 /* Sources */,
				724D61372975C26D009F9676 /* Frameworks */,
				724D61382975C26D009F9676 /* Resources */,
			);
			buildRules = (
			);
			dependencies = (
				724D613D2975C26D009F9676 /* PBXTargetDependency */,
			);
			name = InfraTests;
			productName = InfraTests;
			productReference = 724D613A2975C26D009F9676 /* InfraTests.xctest */;
			productType = "com.apple.product-type.bundle.unit-test";
		};
		724D61AE29771AD9009F9676 /* UseCasesIntegrationTests */ = {
			isa = PBXNativeTarget;
			buildConfigurationList = 724D61B929771ADA009F9676 /* Build configuration list for PBXNativeTarget "UseCasesIntegrationTests" */;
			buildPhases = (
				724D61AB29771AD9009F9676 /* Sources */,
				724D61AC29771AD9009F9676 /* Frameworks */,
				724D61AD29771AD9009F9676 /* Resources */,
			);
			buildRules = (
			);
			dependencies = (
				724D61BF29771B19009F9676 /* PBXTargetDependency */,
				724D61C129771B19009F9676 /* PBXTargetDependency */,
				724D61B629771ADA009F9676 /* PBXTargetDependency */,
			);
			name = UseCasesIntegrationTests;
			productName = UseCasesIntegrationTests;
			productReference = 724D61AF29771AD9009F9676 /* UseCasesIntegrationTests.xctest */;
			productType = "com.apple.product-type.bundle.unit-test";
		};
		72807CA4296CE64C001B8F10 /* Domain */ = {
			isa = PBXNativeTarget;
			buildConfigurationList = 72807CAA296CE64C001B8F10 /* Build configuration list for PBXNativeTarget "Domain" */;
			buildPhases = (
				72807CA0296CE64C001B8F10 /* Headers */,
				72807CA1296CE64C001B8F10 /* Sources */,
				72807CA2296CE64C001B8F10 /* Frameworks */,
				72807CA3296CE64C001B8F10 /* Resources */,
			);
			buildRules = (
			);
			dependencies = (
			);
			name = Domain;
			productName = Domain;
			productReference = 72807CA5296CE64C001B8F10 /* Domain.framework */;
			productType = "com.apple.product-type.framework";
		};
		72807CBB296CEBAD001B8F10 /* Data */ = {
			isa = PBXNativeTarget;
			buildConfigurationList = 72807CCD296CEBAD001B8F10 /* Build configuration list for PBXNativeTarget "Data" */;
			buildPhases = (
				72807CB7296CEBAD001B8F10 /* Headers */,
				72807CB8296CEBAD001B8F10 /* Sources */,
				72807CB9296CEBAD001B8F10 /* Frameworks */,
				72807CBA296CEBAD001B8F10 /* Resources */,
				72807CDE296CEC95001B8F10 /* Embed Frameworks */,
			);
			buildRules = (
			);
			dependencies = (
				72807CDD296CEC95001B8F10 /* PBXTargetDependency */,
			);
			name = Data;
			productName = Data;
			productReference = 72807CBC296CEBAD001B8F10 /* Data.framework */;
			productType = "com.apple.product-type.framework";
		};
		72807CC3296CEBAD001B8F10 /* DataTests */ = {
			isa = PBXNativeTarget;
			buildConfigurationList = 72807CD0296CEBAD001B8F10 /* Build configuration list for PBXNativeTarget "DataTests" */;
			buildPhases = (
				72807CC0296CEBAD001B8F10 /* Sources */,
				72807CC1296CEBAD001B8F10 /* Frameworks */,
				72807CC2296CEBAD001B8F10 /* Resources */,
			);
			buildRules = (
			);
			dependencies = (
				72807CC7296CEBAD001B8F10 /* PBXTargetDependency */,
			);
			name = DataTests;
			productName = DataTests;
			productReference = 72807CC4296CEBAD001B8F10 /* DataTests.xctest */;
			productType = "com.apple.product-type.bundle.unit-test";
		};
		72A6EFDE29777BEC002A4F8C /* Presentation */ = {
			isa = PBXNativeTarget;
			buildConfigurationList = 72A6EFF429777BEC002A4F8C /* Build configuration list for PBXNativeTarget "Presentation" */;
			buildPhases = (
				72A6EFDA29777BEC002A4F8C /* Headers */,
				72A6EFDB29777BEC002A4F8C /* Sources */,
				72A6EFDC29777BEC002A4F8C /* Frameworks */,
				72A6EFDD29777BEC002A4F8C /* Resources */,
				72A6F01A2978258A002A4F8C /* Embed Frameworks */,
			);
			buildRules = (
			);
			dependencies = (
				72A6F01929782589002A4F8C /* PBXTargetDependency */,
			);
			name = Presentation;
			productName = Presentation;
			productReference = 72A6EFDF29777BEC002A4F8C /* Presentation.framework */;
			productType = "com.apple.product-type.framework";
		};
		72A6EFE629777BEC002A4F8C /* PresentationTests */ = {
			isa = PBXNativeTarget;
			buildConfigurationList = 72A6EFF529777BEC002A4F8C /* Build configuration list for PBXNativeTarget "PresentationTests" */;
			buildPhases = (
				72A6EFE329777BEC002A4F8C /* Sources */,
				72A6EFE429777BEC002A4F8C /* Frameworks */,
				72A6EFE529777BEC002A4F8C /* Resources */,
			);
			buildRules = (
			);
			dependencies = (
				72A6EFEA29777BEC002A4F8C /* PBXTargetDependency */,
			);
			name = PresentationTests;
			productName = PresentationTests;
			productReference = 72A6EFE729777BEC002A4F8C /* PresentationTests.xctest */;
			productType = "com.apple.product-type.bundle.unit-test";
		};
/* End PBXNativeTarget section */

/* Begin PBXProject section */
		72807C8A296CE564001B8F10 /* Project object */ = {
			isa = PBXProject;
			attributes = {
				LastSwiftUpdateCheck = 1240;
				LastUpgradeCheck = 1240;
				TargetAttributes = {
					724D61312975C26D009F9676 = {
						CreatedOnToolsVersion = 12.4;
						LastSwiftMigration = 1240;
					};
					724D61392975C26D009F9676 = {
						CreatedOnToolsVersion = 12.4;
					};
					724D61AE29771AD9009F9676 = {
						CreatedOnToolsVersion = 12.4;
					};
					72807CA4296CE64C001B8F10 = {
						CreatedOnToolsVersion = 12.4;
						LastSwiftMigration = 1240;
					};
					72807CBB296CEBAD001B8F10 = {
						CreatedOnToolsVersion = 12.4;
						LastSwiftMigration = 1240;
					};
					72807CC3296CEBAD001B8F10 = {
						CreatedOnToolsVersion = 12.4;
					};
					72A6EFDE29777BEC002A4F8C = {
						CreatedOnToolsVersion = 12.4;
						LastSwiftMigration = 1240;
					};
					72A6EFE629777BEC002A4F8C = {
						CreatedOnToolsVersion = 12.4;
					};
				};
			};
			buildConfigurationList = 72807C8D296CE564001B8F10 /* Build configuration list for PBXProject "CleanApp" */;
			compatibilityVersion = "Xcode 9.3";
			developmentRegion = en;
			hasScannedForEncodings = 0;
			knownRegions = (
				en,
				Base,
			);
			mainGroup = 72807C89296CE564001B8F10;
			packageReferences = (
				724D615E2975C631009F9676 /* XCRemoteSwiftPackageReference "Alamofire" */,
			);
			productRefGroup = 72807C94296CE564001B8F10 /* Products */;
			projectDirPath = "";
			projectRoot = "";
			targets = (
				72807CA4296CE64C001B8F10 /* Domain */,
				72807CBB296CEBAD001B8F10 /* Data */,
				72807CC3296CEBAD001B8F10 /* DataTests */,
				724D61312975C26D009F9676 /* Infra */,
				724D61392975C26D009F9676 /* InfraTests */,
				724D61AE29771AD9009F9676 /* UseCasesIntegrationTests */,
				72A6EFDE29777BEC002A4F8C /* Presentation */,
				72A6EFE629777BEC002A4F8C /* PresentationTests */,
			);
		};
/* End PBXProject section */

/* Begin PBXResourcesBuildPhase section */
		724D61302975C26D009F9676 /* Resources */ = {
			isa = PBXResourcesBuildPhase;
			buildActionMask = 2147483647;
			files = (
			);
			runOnlyForDeploymentPostprocessing = 0;
		};
		724D61382975C26D009F9676 /* Resources */ = {
			isa = PBXResourcesBuildPhase;
			buildActionMask = 2147483647;
			files = (
			);
			runOnlyForDeploymentPostprocessing = 0;
		};
		724D61AD29771AD9009F9676 /* Resources */ = {
			isa = PBXResourcesBuildPhase;
			buildActionMask = 2147483647;
			files = (
			);
			runOnlyForDeploymentPostprocessing = 0;
		};
		72807CA3296CE64C001B8F10 /* Resources */ = {
			isa = PBXResourcesBuildPhase;
			buildActionMask = 2147483647;
			files = (
			);
			runOnlyForDeploymentPostprocessing = 0;
		};
		72807CBA296CEBAD001B8F10 /* Resources */ = {
			isa = PBXResourcesBuildPhase;
			buildActionMask = 2147483647;
			files = (
			);
			runOnlyForDeploymentPostprocessing = 0;
		};
		72807CC2296CEBAD001B8F10 /* Resources */ = {
			isa = PBXResourcesBuildPhase;
			buildActionMask = 2147483647;
			files = (
			);
			runOnlyForDeploymentPostprocessing = 0;
		};
		72A6EFDD29777BEC002A4F8C /* Resources */ = {
			isa = PBXResourcesBuildPhase;
			buildActionMask = 2147483647;
			files = (
			);
			runOnlyForDeploymentPostprocessing = 0;
		};
		72A6EFE529777BEC002A4F8C /* Resources */ = {
			isa = PBXResourcesBuildPhase;
			buildActionMask = 2147483647;
			files = (
			);
			runOnlyForDeploymentPostprocessing = 0;
		};
/* End PBXResourcesBuildPhase section */

/* Begin PBXSourcesBuildPhase section */
		724D612E2975C26D009F9676 /* Sources */ = {
			isa = PBXSourcesBuildPhase;
			buildActionMask = 2147483647;
			files = (
				724D617F2977081C009F9676 /* AlamofireAdapter.swift in Sources */,
			);
			runOnlyForDeploymentPostprocessing = 0;
		};
		724D61362975C26D009F9676 /* Sources */ = {
			isa = PBXSourcesBuildPhase;
			buildActionMask = 2147483647;
			files = (
				724D61402975C26D009F9676 /* AlamofireAdpterTests.swift in Sources */,
				724D615A2975C51F009F9676 /* TestFactorys.swift in Sources */,
				724D61562975C519009F9676 /* TestExtensions.swift in Sources */,
				724D618C297709D1009F9676 /* UrlProtocolStub.swift in Sources */,
			);
			runOnlyForDeploymentPostprocessing = 0;
		};
		724D61AB29771AD9009F9676 /* Sources */ = {
			isa = PBXSourcesBuildPhase;
			buildActionMask = 2147483647;
			files = (
				724D61B229771ADA009F9676 /* AddAccountIntegrationTests.swift in Sources */,
			);
			runOnlyForDeploymentPostprocessing = 0;
		};
		72807CA1296CE64C001B8F10 /* Sources */ = {
			isa = PBXSourcesBuildPhase;
			buildActionMask = 2147483647;
			files = (
				7268A89F296DD94200A5C7F8 /* Model.swift in Sources */,
				72807CB0296CE835001B8F10 /* AddAccount.swift in Sources */,
				7268A8CD296E090900A5C7F8 /* DomainError.swift in Sources */,
				72807CB3296CEA3C001B8F10 /* AccountModel.swift in Sources */,
			);
			runOnlyForDeploymentPostprocessing = 0;
		};
		72807CB8296CEBAD001B8F10 /* Sources */ = {
			isa = PBXSourcesBuildPhase;
			buildActionMask = 2147483647;
			files = (
				7268A8B5296DDE8B00A5C7F8 /* HttpPostClient.swift in Sources */,
				7268A8DA296E3B1F00A5C7F8 /* ExtensionHelpers.swift in Sources */,
				7268A8D1296E0CD400A5C7F8 /* HttpError.swift in Sources */,
				7268A8AB296DDDDD00A5C7F8 /* RemoteAddAccount.swift in Sources */,
			);
			runOnlyForDeploymentPostprocessing = 0;
		};
		72807CC0296CEBAD001B8F10 /* Sources */ = {
			isa = PBXSourcesBuildPhase;
			buildActionMask = 2147483647;
			files = (
				72807CCA296CEBAD001B8F10 /* RemoteAddAccountTests.swift in Sources */,
				729410992970CC5B00586243 /* HttpClientSpy.swift in Sources */,
				729410942970CB9000586243 /* TestFactorys.swift in Sources */,
				729410902970CA5E00586243 /* TestExtensions.swift in Sources */,
				7294109F2970CCC900586243 /* AccounctModelFactory.swift in Sources */,
			);
			runOnlyForDeploymentPostprocessing = 0;
		};
		72A6EFDB29777BEC002A4F8C /* Sources */ = {
			isa = PBXSourcesBuildPhase;
			buildActionMask = 2147483647;
			files = (
				72A6F0092978251E002A4F8C /* SignUpPresenter.swift in Sources */,
				721696382979A79C00471DD4 /* LoadingView.swift in Sources */,
				721696402979CB2D00471DD4 /* SignUpViewModel.swift in Sources */,
				72A6F0272978277D002A4F8C /* AlertView.swift in Sources */,
				72A6F04A29783118002A4F8C /* EmailValidator.swift in Sources */,
			);
			runOnlyForDeploymentPostprocessing = 0;
		};
		72A6EFE329777BEC002A4F8C /* Sources */ = {
			isa = PBXSourcesBuildPhase;
			buildActionMask = 2147483647;
			files = (
				72A6F05A297887B1002A4F8C /* AccounctModelFactory.swift in Sources */,
				7216962C2979A24E00471DD4 /* TestExtensions.swift in Sources */,
				72A6EFED29777BEC002A4F8C /* SignUpPresenterTests.swift in Sources */,
			);
			runOnlyForDeploymentPostprocessing = 0;
		};
/* End PBXSourcesBuildPhase section */

/* Begin PBXTargetDependency section */
		724D613D2975C26D009F9676 /* PBXTargetDependency */ = {
			isa = PBXTargetDependency;
			target = 724D61312975C26D009F9676 /* Infra */;
			targetProxy = 724D613C2975C26D009F9676 /* PBXContainerItemProxy */;
		};
		724D61542975C4DF009F9676 /* PBXTargetDependency */ = {
			isa = PBXTargetDependency;
			target = 72807CBB296CEBAD001B8F10 /* Data */;
			targetProxy = 724D61532975C4DF009F9676 /* PBXContainerItemProxy */;
		};
		724D61B629771ADA009F9676 /* PBXTargetDependency */ = {
			isa = PBXTargetDependency;
			target = 72807CBB296CEBAD001B8F10 /* Data */;
			targetProxy = 724D61B529771ADA009F9676 /* PBXContainerItemProxy */;
		};
		724D61BF29771B19009F9676 /* PBXTargetDependency */ = {
			isa = PBXTargetDependency;
			target = 72807CA4296CE64C001B8F10 /* Domain */;
			targetProxy = 724D61BE29771B19009F9676 /* PBXContainerItemProxy */;
		};
		724D61C129771B19009F9676 /* PBXTargetDependency */ = {
			isa = PBXTargetDependency;
			target = 724D61312975C26D009F9676 /* Infra */;
			targetProxy = 724D61C029771B19009F9676 /* PBXContainerItemProxy */;
		};
		72807CC7296CEBAD001B8F10 /* PBXTargetDependency */ = {
			isa = PBXTargetDependency;
			target = 72807CBB296CEBAD001B8F10 /* Data */;
			targetProxy = 72807CC6296CEBAD001B8F10 /* PBXContainerItemProxy */;
		};
		72807CDD296CEC95001B8F10 /* PBXTargetDependency */ = {
			isa = PBXTargetDependency;
			target = 72807CA4296CE64C001B8F10 /* Domain */;
			targetProxy = 72807CDC296CEC95001B8F10 /* PBXContainerItemProxy */;
		};
		72A6EFEA29777BEC002A4F8C /* PBXTargetDependency */ = {
			isa = PBXTargetDependency;
			target = 72A6EFDE29777BEC002A4F8C /* Presentation */;
			targetProxy = 72A6EFE929777BEC002A4F8C /* PBXContainerItemProxy */;
		};
		72A6F01929782589002A4F8C /* PBXTargetDependency */ = {
			isa = PBXTargetDependency;
			target = 72807CA4296CE64C001B8F10 /* Domain */;
			targetProxy = 72A6F01829782589002A4F8C /* PBXContainerItemProxy */;
		};
/* End PBXTargetDependency section */

/* Begin XCBuildConfiguration section */
		724D61432975C26D009F9676 /* Debug */ = {
			isa = XCBuildConfiguration;
			buildSettings = {
				CLANG_ENABLE_MODULES = YES;
				CODE_SIGN_STYLE = Automatic;
				COMBINE_HIDPI_IMAGES = YES;
				DEFINES_MODULE = YES;
				DEVELOPMENT_TEAM = GAQ2W7K69R;
				DYLIB_COMPATIBILITY_VERSION = 1;
				DYLIB_CURRENT_VERSION = 1;
				DYLIB_INSTALL_NAME_BASE = "@rpath";
				INFOPLIST_FILE = Infra/Info.plist;
				INSTALL_PATH = "$(LOCAL_LIBRARY_DIR)/Frameworks";
				LD_RUNPATH_SEARCH_PATHS = (
					"$(inherited)",
					"@executable_path/../Frameworks",
					"@loader_path/Frameworks",
				);
				MACOSX_DEPLOYMENT_TARGET = 10.15;
				PRODUCT_BUNDLE_IDENTIFIER = com.coDandoPraTodoMundo.Infra;
				PRODUCT_NAME = "$(TARGET_NAME:c99extidentifier)";
				SDKROOT = macosx;
				SKIP_INSTALL = YES;
				SWIFT_OPTIMIZATION_LEVEL = "-Onone";
				SWIFT_VERSION = 5.0;
			};
			name = Debug;
		};
		724D61442975C26D009F9676 /* Release */ = {
			isa = XCBuildConfiguration;
			buildSettings = {
				CLANG_ENABLE_MODULES = YES;
				CODE_SIGN_STYLE = Automatic;
				COMBINE_HIDPI_IMAGES = YES;
				DEFINES_MODULE = YES;
				DEVELOPMENT_TEAM = GAQ2W7K69R;
				DYLIB_COMPATIBILITY_VERSION = 1;
				DYLIB_CURRENT_VERSION = 1;
				DYLIB_INSTALL_NAME_BASE = "@rpath";
				INFOPLIST_FILE = Infra/Info.plist;
				INSTALL_PATH = "$(LOCAL_LIBRARY_DIR)/Frameworks";
				LD_RUNPATH_SEARCH_PATHS = (
					"$(inherited)",
					"@executable_path/../Frameworks",
					"@loader_path/Frameworks",
				);
				MACOSX_DEPLOYMENT_TARGET = 10.15;
				PRODUCT_BUNDLE_IDENTIFIER = com.coDandoPraTodoMundo.Infra;
				PRODUCT_NAME = "$(TARGET_NAME:c99extidentifier)";
				SDKROOT = macosx;
				SKIP_INSTALL = YES;
				SWIFT_VERSION = 5.0;
			};
			name = Release;
		};
		724D61452975C26D009F9676 /* Debug */ = {
			isa = XCBuildConfiguration;
			buildSettings = {
				ALWAYS_EMBED_SWIFT_STANDARD_LIBRARIES = YES;
				CODE_SIGN_STYLE = Automatic;
				COMBINE_HIDPI_IMAGES = YES;
				DEVELOPMENT_TEAM = GAQ2W7K69R;
				INFOPLIST_FILE = InfraTests/Info.plist;
				LD_RUNPATH_SEARCH_PATHS = (
					"$(inherited)",
					"@executable_path/../Frameworks",
					"@loader_path/../Frameworks",
				);
				MACOSX_DEPLOYMENT_TARGET = 10.15;
				PRODUCT_BUNDLE_IDENTIFIER = com.coDandoPraTodoMundo.InfraTests;
				PRODUCT_NAME = "$(TARGET_NAME)";
				SDKROOT = macosx;
				SWIFT_VERSION = 5.0;
			};
			name = Debug;
		};
		724D61462975C26D009F9676 /* Release */ = {
			isa = XCBuildConfiguration;
			buildSettings = {
				ALWAYS_EMBED_SWIFT_STANDARD_LIBRARIES = YES;
				CODE_SIGN_STYLE = Automatic;
				COMBINE_HIDPI_IMAGES = YES;
				DEVELOPMENT_TEAM = GAQ2W7K69R;
				INFOPLIST_FILE = InfraTests/Info.plist;
				LD_RUNPATH_SEARCH_PATHS = (
					"$(inherited)",
					"@executable_path/../Frameworks",
					"@loader_path/../Frameworks",
				);
				MACOSX_DEPLOYMENT_TARGET = 10.15;
				PRODUCT_BUNDLE_IDENTIFIER = com.coDandoPraTodoMundo.InfraTests;
				PRODUCT_NAME = "$(TARGET_NAME)";
				SDKROOT = macosx;
				SWIFT_VERSION = 5.0;
			};
			name = Release;
		};
		724D61B729771ADA009F9676 /* Debug */ = {
			isa = XCBuildConfiguration;
			buildSettings = {
				CODE_SIGN_STYLE = Automatic;
				COMBINE_HIDPI_IMAGES = YES;
				DEVELOPMENT_TEAM = GAQ2W7K69R;
				INFOPLIST_FILE = UseCasesIntegrationTests/Info.plist;
				LD_RUNPATH_SEARCH_PATHS = (
					"$(inherited)",
					"@executable_path/../Frameworks",
					"@loader_path/../Frameworks",
				);
				MACOSX_DEPLOYMENT_TARGET = 10.15;
				PRODUCT_BUNDLE_IDENTIFIER = com.coDandoPraTodoMundo.UseCasesIntegrationTests;
				PRODUCT_NAME = "$(TARGET_NAME)";
				SDKROOT = macosx;
				SWIFT_VERSION = 5.0;
			};
			name = Debug;
		};
		724D61B829771ADA009F9676 /* Release */ = {
			isa = XCBuildConfiguration;
			buildSettings = {
				CODE_SIGN_STYLE = Automatic;
				COMBINE_HIDPI_IMAGES = YES;
				DEVELOPMENT_TEAM = GAQ2W7K69R;
				INFOPLIST_FILE = UseCasesIntegrationTests/Info.plist;
				LD_RUNPATH_SEARCH_PATHS = (
					"$(inherited)",
					"@executable_path/../Frameworks",
					"@loader_path/../Frameworks",
				);
				MACOSX_DEPLOYMENT_TARGET = 10.15;
				PRODUCT_BUNDLE_IDENTIFIER = com.coDandoPraTodoMundo.UseCasesIntegrationTests;
				PRODUCT_NAME = "$(TARGET_NAME)";
				SDKROOT = macosx;
				SWIFT_VERSION = 5.0;
			};
			name = Release;
		};
		72807C99296CE564001B8F10 /* Debug */ = {
			isa = XCBuildConfiguration;
			buildSettings = {
				ALWAYS_SEARCH_USER_PATHS = NO;
				CLANG_ANALYZER_NONNULL = YES;
				CLANG_ANALYZER_NUMBER_OBJECT_CONVERSION = YES_AGGRESSIVE;
				CLANG_CXX_LANGUAGE_STANDARD = "gnu++14";
				CLANG_CXX_LIBRARY = "libc++";
				CLANG_ENABLE_MODULES = YES;
				CLANG_ENABLE_OBJC_ARC = YES;
				CLANG_ENABLE_OBJC_WEAK = YES;
				CLANG_WARN_BLOCK_CAPTURE_AUTORELEASING = YES;
				CLANG_WARN_BOOL_CONVERSION = YES;
				CLANG_WARN_COMMA = YES;
				CLANG_WARN_CONSTANT_CONVERSION = YES;
				CLANG_WARN_DEPRECATED_OBJC_IMPLEMENTATIONS = YES;
				CLANG_WARN_DIRECT_OBJC_ISA_USAGE = YES_ERROR;
				CLANG_WARN_DOCUMENTATION_COMMENTS = YES;
				CLANG_WARN_EMPTY_BODY = YES;
				CLANG_WARN_ENUM_CONVERSION = YES;
				CLANG_WARN_INFINITE_RECURSION = YES;
				CLANG_WARN_INT_CONVERSION = YES;
				CLANG_WARN_NON_LITERAL_NULL_CONVERSION = YES;
				CLANG_WARN_OBJC_IMPLICIT_RETAIN_SELF = YES;
				CLANG_WARN_OBJC_LITERAL_CONVERSION = YES;
				CLANG_WARN_OBJC_ROOT_CLASS = YES_ERROR;
				CLANG_WARN_QUOTED_INCLUDE_IN_FRAMEWORK_HEADER = YES;
				CLANG_WARN_RANGE_LOOP_ANALYSIS = YES;
				CLANG_WARN_STRICT_PROTOTYPES = YES;
				CLANG_WARN_SUSPICIOUS_MOVE = YES;
				CLANG_WARN_UNGUARDED_AVAILABILITY = YES_AGGRESSIVE;
				CLANG_WARN_UNREACHABLE_CODE = YES;
				CLANG_WARN__DUPLICATE_METHOD_MATCH = YES;
				COPY_PHASE_STRIP = NO;
				CURRENT_PROJECT_VERSION = 1;
				DEBUG_INFORMATION_FORMAT = dwarf;
				ENABLE_STRICT_OBJC_MSGSEND = YES;
				ENABLE_TESTABILITY = YES;
				GCC_C_LANGUAGE_STANDARD = gnu11;
				GCC_DYNAMIC_NO_PIC = NO;
				GCC_NO_COMMON_BLOCKS = YES;
				GCC_OPTIMIZATION_LEVEL = 0;
				GCC_PREPROCESSOR_DEFINITIONS = (
					"DEBUG=1",
					"$(inherited)",
				);
				GCC_WARN_64_TO_32_BIT_CONVERSION = YES;
				GCC_WARN_ABOUT_RETURN_TYPE = YES_ERROR;
				GCC_WARN_UNDECLARED_SELECTOR = YES;
				GCC_WARN_UNINITIALIZED_AUTOS = YES_AGGRESSIVE;
				GCC_WARN_UNUSED_FUNCTION = YES;
				GCC_WARN_UNUSED_VARIABLE = YES;
				IPHONEOS_DEPLOYMENT_TARGET = 14.4;
				MTL_ENABLE_DEBUG_INFO = INCLUDE_SOURCE;
				MTL_FAST_MATH = YES;
				ONLY_ACTIVE_ARCH = YES;
				SDKROOT = iphoneos;
				SWIFT_ACTIVE_COMPILATION_CONDITIONS = DEBUG;
				SWIFT_OPTIMIZATION_LEVEL = "-Onone";
				VERSIONING_SYSTEM = "apple-generic";
				VERSION_INFO_PREFIX = "";
			};
			name = Debug;
		};
		72807C9A296CE564001B8F10 /* Release */ = {
			isa = XCBuildConfiguration;
			buildSettings = {
				ALWAYS_SEARCH_USER_PATHS = NO;
				CLANG_ANALYZER_NONNULL = YES;
				CLANG_ANALYZER_NUMBER_OBJECT_CONVERSION = YES_AGGRESSIVE;
				CLANG_CXX_LANGUAGE_STANDARD = "gnu++14";
				CLANG_CXX_LIBRARY = "libc++";
				CLANG_ENABLE_MODULES = YES;
				CLANG_ENABLE_OBJC_ARC = YES;
				CLANG_ENABLE_OBJC_WEAK = YES;
				CLANG_WARN_BLOCK_CAPTURE_AUTORELEASING = YES;
				CLANG_WARN_BOOL_CONVERSION = YES;
				CLANG_WARN_COMMA = YES;
				CLANG_WARN_CONSTANT_CONVERSION = YES;
				CLANG_WARN_DEPRECATED_OBJC_IMPLEMENTATIONS = YES;
				CLANG_WARN_DIRECT_OBJC_ISA_USAGE = YES_ERROR;
				CLANG_WARN_DOCUMENTATION_COMMENTS = YES;
				CLANG_WARN_EMPTY_BODY = YES;
				CLANG_WARN_ENUM_CONVERSION = YES;
				CLANG_WARN_INFINITE_RECURSION = YES;
				CLANG_WARN_INT_CONVERSION = YES;
				CLANG_WARN_NON_LITERAL_NULL_CONVERSION = YES;
				CLANG_WARN_OBJC_IMPLICIT_RETAIN_SELF = YES;
				CLANG_WARN_OBJC_LITERAL_CONVERSION = YES;
				CLANG_WARN_OBJC_ROOT_CLASS = YES_ERROR;
				CLANG_WARN_QUOTED_INCLUDE_IN_FRAMEWORK_HEADER = YES;
				CLANG_WARN_RANGE_LOOP_ANALYSIS = YES;
				CLANG_WARN_STRICT_PROTOTYPES = YES;
				CLANG_WARN_SUSPICIOUS_MOVE = YES;
				CLANG_WARN_UNGUARDED_AVAILABILITY = YES_AGGRESSIVE;
				CLANG_WARN_UNREACHABLE_CODE = YES;
				CLANG_WARN__DUPLICATE_METHOD_MATCH = YES;
				COPY_PHASE_STRIP = NO;
				CURRENT_PROJECT_VERSION = 1;
				DEBUG_INFORMATION_FORMAT = "dwarf-with-dsym";
				ENABLE_NS_ASSERTIONS = NO;
				ENABLE_STRICT_OBJC_MSGSEND = YES;
				GCC_C_LANGUAGE_STANDARD = gnu11;
				GCC_NO_COMMON_BLOCKS = YES;
				GCC_WARN_64_TO_32_BIT_CONVERSION = YES;
				GCC_WARN_ABOUT_RETURN_TYPE = YES_ERROR;
				GCC_WARN_UNDECLARED_SELECTOR = YES;
				GCC_WARN_UNINITIALIZED_AUTOS = YES_AGGRESSIVE;
				GCC_WARN_UNUSED_FUNCTION = YES;
				GCC_WARN_UNUSED_VARIABLE = YES;
				IPHONEOS_DEPLOYMENT_TARGET = 14.4;
				MTL_ENABLE_DEBUG_INFO = NO;
				MTL_FAST_MATH = YES;
				SDKROOT = iphoneos;
				SWIFT_COMPILATION_MODE = wholemodule;
				SWIFT_OPTIMIZATION_LEVEL = "-O";
				VALIDATE_PRODUCT = YES;
				VERSIONING_SYSTEM = "apple-generic";
				VERSION_INFO_PREFIX = "";
			};
			name = Release;
		};
		72807CAB296CE64C001B8F10 /* Debug */ = {
			isa = XCBuildConfiguration;
			buildSettings = {
				CLANG_ENABLE_MODULES = YES;
				CODE_SIGN_STYLE = Automatic;
				COMBINE_HIDPI_IMAGES = YES;
				DEFINES_MODULE = YES;
				DEVELOPMENT_TEAM = GAQ2W7K69R;
				DYLIB_COMPATIBILITY_VERSION = 1;
				DYLIB_CURRENT_VERSION = 1;
				DYLIB_INSTALL_NAME_BASE = "@rpath";
				INFOPLIST_FILE = Domain/Info.plist;
				INSTALL_PATH = "$(LOCAL_LIBRARY_DIR)/Frameworks";
				LD_RUNPATH_SEARCH_PATHS = (
					"$(inherited)",
					"@executable_path/../Frameworks",
					"@loader_path/Frameworks",
				);
				MACOSX_DEPLOYMENT_TARGET = 10.15;
				PRODUCT_BUNDLE_IDENTIFIER = com.coDandoPraTodoMundo.Domain;
				PRODUCT_NAME = "$(TARGET_NAME:c99extidentifier)";
				SDKROOT = macosx;
				SKIP_INSTALL = YES;
				SWIFT_OPTIMIZATION_LEVEL = "-Onone";
				SWIFT_VERSION = 5.0;
			};
			name = Debug;
		};
		72807CAC296CE64C001B8F10 /* Release */ = {
			isa = XCBuildConfiguration;
			buildSettings = {
				CLANG_ENABLE_MODULES = YES;
				CODE_SIGN_STYLE = Automatic;
				COMBINE_HIDPI_IMAGES = YES;
				DEFINES_MODULE = YES;
				DEVELOPMENT_TEAM = GAQ2W7K69R;
				DYLIB_COMPATIBILITY_VERSION = 1;
				DYLIB_CURRENT_VERSION = 1;
				DYLIB_INSTALL_NAME_BASE = "@rpath";
				INFOPLIST_FILE = Domain/Info.plist;
				INSTALL_PATH = "$(LOCAL_LIBRARY_DIR)/Frameworks";
				LD_RUNPATH_SEARCH_PATHS = (
					"$(inherited)",
					"@executable_path/../Frameworks",
					"@loader_path/Frameworks",
				);
				MACOSX_DEPLOYMENT_TARGET = 10.15;
				PRODUCT_BUNDLE_IDENTIFIER = com.coDandoPraTodoMundo.Domain;
				PRODUCT_NAME = "$(TARGET_NAME:c99extidentifier)";
				SDKROOT = macosx;
				SKIP_INSTALL = YES;
				SWIFT_VERSION = 5.0;
			};
			name = Release;
		};
		72807CCE296CEBAD001B8F10 /* Debug */ = {
			isa = XCBuildConfiguration;
			buildSettings = {
				CLANG_ENABLE_MODULES = YES;
				CODE_SIGN_STYLE = Automatic;
				COMBINE_HIDPI_IMAGES = YES;
				DEFINES_MODULE = YES;
				DEVELOPMENT_TEAM = GAQ2W7K69R;
				DYLIB_COMPATIBILITY_VERSION = 1;
				DYLIB_CURRENT_VERSION = 1;
				DYLIB_INSTALL_NAME_BASE = "@rpath";
				INFOPLIST_FILE = Data/Info.plist;
				INSTALL_PATH = "$(LOCAL_LIBRARY_DIR)/Frameworks";
				LD_RUNPATH_SEARCH_PATHS = (
					"$(inherited)",
					"@executable_path/../Frameworks",
					"@loader_path/Frameworks",
				);
				MACOSX_DEPLOYMENT_TARGET = 10.15;
				PRODUCT_BUNDLE_IDENTIFIER = com.coDandoPraTodoMundo.Data;
				PRODUCT_NAME = "$(TARGET_NAME:c99extidentifier)";
				SDKROOT = macosx;
				SKIP_INSTALL = YES;
				SWIFT_OPTIMIZATION_LEVEL = "-Onone";
				SWIFT_VERSION = 5.0;
			};
			name = Debug;
		};
		72807CCF296CEBAD001B8F10 /* Release */ = {
			isa = XCBuildConfiguration;
			buildSettings = {
				CLANG_ENABLE_MODULES = YES;
				CODE_SIGN_STYLE = Automatic;
				COMBINE_HIDPI_IMAGES = YES;
				DEFINES_MODULE = YES;
				DEVELOPMENT_TEAM = GAQ2W7K69R;
				DYLIB_COMPATIBILITY_VERSION = 1;
				DYLIB_CURRENT_VERSION = 1;
				DYLIB_INSTALL_NAME_BASE = "@rpath";
				INFOPLIST_FILE = Data/Info.plist;
				INSTALL_PATH = "$(LOCAL_LIBRARY_DIR)/Frameworks";
				LD_RUNPATH_SEARCH_PATHS = (
					"$(inherited)",
					"@executable_path/../Frameworks",
					"@loader_path/Frameworks",
				);
				MACOSX_DEPLOYMENT_TARGET = 10.15;
				PRODUCT_BUNDLE_IDENTIFIER = com.coDandoPraTodoMundo.Data;
				PRODUCT_NAME = "$(TARGET_NAME:c99extidentifier)";
				SDKROOT = macosx;
				SKIP_INSTALL = YES;
				SWIFT_VERSION = 5.0;
			};
			name = Release;
		};
		72807CD1296CEBAD001B8F10 /* Debug */ = {
			isa = XCBuildConfiguration;
			buildSettings = {
				ALWAYS_EMBED_SWIFT_STANDARD_LIBRARIES = YES;
				CODE_SIGN_STYLE = Automatic;
				COMBINE_HIDPI_IMAGES = YES;
				DEVELOPMENT_TEAM = GAQ2W7K69R;
				INFOPLIST_FILE = DataTests/Info.plist;
				LD_RUNPATH_SEARCH_PATHS = (
					"$(inherited)",
					"@executable_path/../Frameworks",
					"@loader_path/../Frameworks",
				);
				MACOSX_DEPLOYMENT_TARGET = 10.15;
				PRODUCT_BUNDLE_IDENTIFIER = com.coDandoPraTodoMundo.DataTests;
				PRODUCT_NAME = "$(TARGET_NAME)";
				SDKROOT = macosx;
				SWIFT_VERSION = 5.0;
			};
			name = Debug;
		};
		72807CD2296CEBAD001B8F10 /* Release */ = {
			isa = XCBuildConfiguration;
			buildSettings = {
				ALWAYS_EMBED_SWIFT_STANDARD_LIBRARIES = YES;
				CODE_SIGN_STYLE = Automatic;
				COMBINE_HIDPI_IMAGES = YES;
				DEVELOPMENT_TEAM = GAQ2W7K69R;
				INFOPLIST_FILE = DataTests/Info.plist;
				LD_RUNPATH_SEARCH_PATHS = (
					"$(inherited)",
					"@executable_path/../Frameworks",
					"@loader_path/../Frameworks",
				);
				MACOSX_DEPLOYMENT_TARGET = 10.15;
				PRODUCT_BUNDLE_IDENTIFIER = com.coDandoPraTodoMundo.DataTests;
				PRODUCT_NAME = "$(TARGET_NAME)";
				SDKROOT = macosx;
				SWIFT_VERSION = 5.0;
			};
			name = Release;
		};
		72A6EFF029777BEC002A4F8C /* Debug */ = {
			isa = XCBuildConfiguration;
			buildSettings = {
				CLANG_ENABLE_MODULES = YES;
				CODE_SIGN_STYLE = Automatic;
				COMBINE_HIDPI_IMAGES = YES;
				DEFINES_MODULE = YES;
				DEVELOPMENT_TEAM = GAQ2W7K69R;
				DYLIB_COMPATIBILITY_VERSION = 1;
				DYLIB_CURRENT_VERSION = 1;
				DYLIB_INSTALL_NAME_BASE = "@rpath";
				INFOPLIST_FILE = Presentation/Info.plist;
				INSTALL_PATH = "$(LOCAL_LIBRARY_DIR)/Frameworks";
				LD_RUNPATH_SEARCH_PATHS = (
					"$(inherited)",
					"@executable_path/../Frameworks",
					"@loader_path/Frameworks",
				);
				MACOSX_DEPLOYMENT_TARGET = 10.15;
				PRODUCT_BUNDLE_IDENTIFIER = com.coDandoPraTodoMundo.Presentation;
				PRODUCT_NAME = "$(TARGET_NAME:c99extidentifier)";
				SDKROOT = macosx;
				SKIP_INSTALL = YES;
				SWIFT_OPTIMIZATION_LEVEL = "-Onone";
				SWIFT_VERSION = 5.0;
			};
			name = Debug;
		};
		72A6EFF129777BEC002A4F8C /* Release */ = {
			isa = XCBuildConfiguration;
			buildSettings = {
				CLANG_ENABLE_MODULES = YES;
				CODE_SIGN_STYLE = Automatic;
				COMBINE_HIDPI_IMAGES = YES;
				DEFINES_MODULE = YES;
				DEVELOPMENT_TEAM = GAQ2W7K69R;
				DYLIB_COMPATIBILITY_VERSION = 1;
				DYLIB_CURRENT_VERSION = 1;
				DYLIB_INSTALL_NAME_BASE = "@rpath";
				INFOPLIST_FILE = Presentation/Info.plist;
				INSTALL_PATH = "$(LOCAL_LIBRARY_DIR)/Frameworks";
				LD_RUNPATH_SEARCH_PATHS = (
					"$(inherited)",
					"@executable_path/../Frameworks",
					"@loader_path/Frameworks",
				);
				MACOSX_DEPLOYMENT_TARGET = 10.15;
				PRODUCT_BUNDLE_IDENTIFIER = com.coDandoPraTodoMundo.Presentation;
				PRODUCT_NAME = "$(TARGET_NAME:c99extidentifier)";
				SDKROOT = macosx;
				SKIP_INSTALL = YES;
				SWIFT_VERSION = 5.0;
			};
			name = Release;
		};
		72A6EFF229777BEC002A4F8C /* Debug */ = {
			isa = XCBuildConfiguration;
			buildSettings = {
				ALWAYS_EMBED_SWIFT_STANDARD_LIBRARIES = YES;
				CODE_SIGN_STYLE = Automatic;
				COMBINE_HIDPI_IMAGES = YES;
				DEVELOPMENT_TEAM = GAQ2W7K69R;
				INFOPLIST_FILE = PresentationTests/Info.plist;
				LD_RUNPATH_SEARCH_PATHS = (
					"$(inherited)",
					"@executable_path/../Frameworks",
					"@loader_path/../Frameworks",
				);
				MACOSX_DEPLOYMENT_TARGET = 10.15;
				PRODUCT_BUNDLE_IDENTIFIER = com.coDandoPraTodoMundo.PresentationTests;
				PRODUCT_NAME = "$(TARGET_NAME)";
				SDKROOT = macosx;
				SWIFT_VERSION = 5.0;
			};
			name = Debug;
		};
		72A6EFF329777BEC002A4F8C /* Release */ = {
			isa = XCBuildConfiguration;
			buildSettings = {
				ALWAYS_EMBED_SWIFT_STANDARD_LIBRARIES = YES;
				CODE_SIGN_STYLE = Automatic;
				COMBINE_HIDPI_IMAGES = YES;
				DEVELOPMENT_TEAM = GAQ2W7K69R;
				INFOPLIST_FILE = PresentationTests/Info.plist;
				LD_RUNPATH_SEARCH_PATHS = (
					"$(inherited)",
					"@executable_path/../Frameworks",
					"@loader_path/../Frameworks",
				);
				MACOSX_DEPLOYMENT_TARGET = 10.15;
				PRODUCT_BUNDLE_IDENTIFIER = com.coDandoPraTodoMundo.PresentationTests;
				PRODUCT_NAME = "$(TARGET_NAME)";
				SDKROOT = macosx;
				SWIFT_VERSION = 5.0;
			};
			name = Release;
		};
/* End XCBuildConfiguration section */

/* Begin XCConfigurationList section */
		724D61472975C26D009F9676 /* Build configuration list for PBXNativeTarget "Infra" */ = {
			isa = XCConfigurationList;
			buildConfigurations = (
				724D61432975C26D009F9676 /* Debug */,
				724D61442975C26D009F9676 /* Release */,
			);
			defaultConfigurationIsVisible = 0;
			defaultConfigurationName = Release;
		};
		724D61482975C26D009F9676 /* Build configuration list for PBXNativeTarget "InfraTests" */ = {
			isa = XCConfigurationList;
			buildConfigurations = (
				724D61452975C26D009F9676 /* Debug */,
				724D61462975C26D009F9676 /* Release */,
			);
			defaultConfigurationIsVisible = 0;
			defaultConfigurationName = Release;
		};
		724D61B929771ADA009F9676 /* Build configuration list for PBXNativeTarget "UseCasesIntegrationTests" */ = {
			isa = XCConfigurationList;
			buildConfigurations = (
				724D61B729771ADA009F9676 /* Debug */,
				724D61B829771ADA009F9676 /* Release */,
			);
			defaultConfigurationIsVisible = 0;
			defaultConfigurationName = Release;
		};
		72807C8D296CE564001B8F10 /* Build configuration list for PBXProject "CleanApp" */ = {
			isa = XCConfigurationList;
			buildConfigurations = (
				72807C99296CE564001B8F10 /* Debug */,
				72807C9A296CE564001B8F10 /* Release */,
			);
			defaultConfigurationIsVisible = 0;
			defaultConfigurationName = Release;
		};
		72807CAA296CE64C001B8F10 /* Build configuration list for PBXNativeTarget "Domain" */ = {
			isa = XCConfigurationList;
			buildConfigurations = (
				72807CAB296CE64C001B8F10 /* Debug */,
				72807CAC296CE64C001B8F10 /* Release */,
			);
			defaultConfigurationIsVisible = 0;
			defaultConfigurationName = Release;
		};
		72807CCD296CEBAD001B8F10 /* Build configuration list for PBXNativeTarget "Data" */ = {
			isa = XCConfigurationList;
			buildConfigurations = (
				72807CCE296CEBAD001B8F10 /* Debug */,
				72807CCF296CEBAD001B8F10 /* Release */,
			);
			defaultConfigurationIsVisible = 0;
			defaultConfigurationName = Release;
		};
		72807CD0296CEBAD001B8F10 /* Build configuration list for PBXNativeTarget "DataTests" */ = {
			isa = XCConfigurationList;
			buildConfigurations = (
				72807CD1296CEBAD001B8F10 /* Debug */,
				72807CD2296CEBAD001B8F10 /* Release */,
			);
			defaultConfigurationIsVisible = 0;
			defaultConfigurationName = Release;
		};
		72A6EFF429777BEC002A4F8C /* Build configuration list for PBXNativeTarget "Presentation" */ = {
			isa = XCConfigurationList;
			buildConfigurations = (
				72A6EFF029777BEC002A4F8C /* Debug */,
				72A6EFF129777BEC002A4F8C /* Release */,
			);
			defaultConfigurationIsVisible = 0;
			defaultConfigurationName = Release;
		};
		72A6EFF529777BEC002A4F8C /* Build configuration list for PBXNativeTarget "PresentationTests" */ = {
			isa = XCConfigurationList;
			buildConfigurations = (
				72A6EFF229777BEC002A4F8C /* Debug */,
				72A6EFF329777BEC002A4F8C /* Release */,
			);
			defaultConfigurationIsVisible = 0;
			defaultConfigurationName = Release;
		};
/* End XCConfigurationList section */

/* Begin XCRemoteSwiftPackageReference section */
		724D615E2975C631009F9676 /* XCRemoteSwiftPackageReference "Alamofire" */ = {
			isa = XCRemoteSwiftPackageReference;
			repositoryURL = "https://github.com/Alamofire/Alamofire.git";
			requirement = {
				kind = upToNextMajorVersion;
				minimumVersion = 5.6.4;
			};
		};
/* End XCRemoteSwiftPackageReference section */

/* Begin XCSwiftPackageProductDependency section */
		724D615F2975C631009F9676 /* Alamofire */ = {
			isa = XCSwiftPackageProductDependency;
			package = 724D615E2975C631009F9676 /* XCRemoteSwiftPackageReference "Alamofire" */;
			productName = Alamofire;
		};
/* End XCSwiftPackageProductDependency section */
	};
	rootObject = 72807C8A296CE564001B8F10 /* Project object */;
}
